{
    "hash": "31a4eb1abbbe503920a3898568ce5160",
    "packages": [
        {
            "name": "jeremeamia/FunctionParser",
            "version": "dev-master",
            "source": {
                "type": "git",
                "url": "https://github.com/jeremeamia/FunctionParser.git",
                "reference": "1068f0a5e62ca361652d6c9bc8a6d1817efe62bf"
            },
            "dist": {
                "type": "zip",
                "url": "https://api.github.com/repos/jeremeamia/FunctionParser/zipball/1068f0a5e62ca361652d6c9bc8a6d1817efe62bf",
                "reference": "1068f0a5e62ca361652d6c9bc8a6d1817efe62bf",
                "shasum": ""
            },
            "require": {
                "php": ">=5.3.2"
            },
            "type": "library",
            "autoload": {
                "psr-0": {
                    "FunctionParser": "src/"
                }
            },
            "notification-url": "http://packagist.org/downloads/",
            "license": [
                "MIT"
            ],
            "authors": [
                {
                    "name": "Jeremy Lindblom"
                }
            ],
            "description": "Function parser for PHP functions, methods, and closures",
            "homepage": "https://github.com/jeremeamia/FunctionParser",
            "keywords": [
                "closure",
                "function",
                "parser",
                "tokenizer"
            ],
            "time": "2012-03-19 17:15:54"
        },
        {
            "name": "nikic/php-parser",
            "version": "dev-master",
            "source": {
                "type": "git",
                "url": "https://github.com/nikic/PHP-Parser.git",
                "reference": "75ec7a3e78bd1fca42ede6def41ce25a9b81c7ab"
            },
            "dist": {
                "type": "zip",
                "url": "https://api.github.com/repos/nikic/PHP-Parser/zipball/75ec7a3e78bd1fca42ede6def41ce25a9b81c7ab",
                "reference": "75ec7a3e78bd1fca42ede6def41ce25a9b81c7ab",
                "shasum": ""
            },
            "require": {
                "php": ">=5.2"
            },
            "type": "library",
            "autoload": {
                "psr-0": {
                    "PHPParser": "lib/"
                }
            },
            "notification-url": "http://packagist.org/downloads/",
            "license": [
                "BSD-3-Clause"
            ],
            "authors": [
                {
                    "name": "Nikita Popov"
                }
            ],
            "description": "A PHP parser written in PHP",
            "keywords": [
                "parser",
                "php"
            ],
            "time": "2013-02-14 20:49:08"
        }
    ],
    "packages-dev": null,
    "aliases": [

    ],
    "minimum-stability": "stable",
    "stability-flags": {
        "nikic/php-parser": 20,
        "jeremeamia/functionparser": 20
    }
}
